
Microsoft Visual Studio Solution File, Format Version 12.00
# Visual Studio Version 16
VisualStudioVersion = 16.0.30503.244
MinimumVisualStudioVersion = 10.0.40219.1
Project("{FAE04EC0-301F-11D3-BF4B-00C04F79EFBC}") = "ConvTempV2", "ConvTempV2.csproj", "{178A6699-4580-419D-8267-FFBAD28BD8F2}"
EndProject
Global
	GlobalSection(SolutionConfigurationPlatforms) = preSolution
		Debug|Any CPU = Debug|Any CPU
		Release|Any CPU = Release|Any CPU
	EndGlobalSection
	GlobalSection(ProjectConfigurationPlatforms) = postSolution
		{178A6699-4580-419D-8267-FFBAD28BD8F2}.Debug|Any CPU.ActiveCfg = Debug|Any CPU
		{178A6699-4580-419D-8267-FFBAD28BD8F2}.Debug|Any CPU.Build.0 = Debug|Any CPU
		{178A6699-4580-419D-8267-FFBAD28BD8F2}.Release|Any CPU.ActiveCfg = Release|Any CPU
		{178A6699-4580-419D-8267-FFBAD28BD8F2}.Release|Any CPU.Build.0 = Release|Any CPU
	EndGlobalSection
	GlobalSection(SolutionProperties) = preSolution
		HideSolutionNode = FALSE
	EndGlobalSection
	GlobalSection(ExtensibilityGlobals) = postSolution
		SolutionGuid = {4A3DB529-DC53-447F-8B3E-BBAE01EB696B}
	EndGlobalSection
EndGlobal
